
Microsoft Visual Studio Solution File, Format Version 12.00
Project("{2150E333-8FDC-42A3-9474-1A3956D46DE8}") = "src", "src", "{41704FEA-0BB9-40BA-ABBD-8DD83CB89EF1}"
EndProject
Project("{FAE04EC0-301F-11D3-BF4B-00C04F79EFBC}") = "Route256.PriceCalculator.Domain", "src\Route256.PriceCalculator.Domain\Route256.PriceCalculator.Domain.csproj", "{1FBAB06B-F888-4C97-830A-E8BEFD298B38}"
EndProject
Project("{FAE04EC0-301F-11D3-BF4B-00C04F79EFBC}") = "Route256.PriceCalculator.ConsoleApp", "src\Route256.PriceCalculator.ConsoleApp\Route256.PriceCalculator.ConsoleApp.csproj", "{9E5DF558-1BCF-4376-B47C-4B8D53D8241A}"
EndProject
Global
	GlobalSection(SolutionConfigurationPlatforms) = preSolution
		Debug|Any CPU = Debug|Any CPU
		Release|Any CPU = Release|Any CPU
	EndGlobalSection
	GlobalSection(ProjectConfigurationPlatforms) = postSolution
		{1FBAB06B-F888-4C97-830A-E8BEFD298B38}.Debug|Any CPU.ActiveCfg = Debug|Any CPU
		{1FBAB06B-F888-4C97-830A-E8BEFD298B38}.Debug|Any CPU.Build.0 = Debug|Any CPU
		{1FBAB06B-F888-4C97-830A-E8BEFD298B38}.Release|Any CPU.ActiveCfg = Release|Any CPU
		{1FBAB06B-F888-4C97-830A-E8BEFD298B38}.Release|Any CPU.Build.0 = Release|Any CPU
		{9E5DF558-1BCF-4376-B47C-4B8D53D8241A}.Debug|Any CPU.ActiveCfg = Debug|Any CPU
		{9E5DF558-1BCF-4376-B47C-4B8D53D8241A}.Debug|Any CPU.Build.0 = Debug|Any CPU
		{9E5DF558-1BCF-4376-B47C-4B8D53D8241A}.Release|Any CPU.ActiveCfg = Release|Any CPU
		{9E5DF558-1BCF-4376-B47C-4B8D53D8241A}.Release|Any CPU.Build.0 = Release|Any CPU
	EndGlobalSection
	GlobalSection(NestedProjects) = preSolution
		{1FBAB06B-F888-4C97-830A-E8BEFD298B38} = {41704FEA-0BB9-40BA-ABBD-8DD83CB89EF1}
		{9E5DF558-1BCF-4376-B47C-4B8D53D8241A} = {41704FEA-0BB9-40BA-ABBD-8DD83CB89EF1}
	EndGlobalSection
EndGlobal
